
Microsoft Visual Studio Solution File, Format Version 12.00
# Visual Studio 15
VisualStudioVersion = 15.0.28307.421
MinimumVisualStudioVersion = 10.0.40219.1
Project("{888888A0-9F3D-457C-B088-3A5042F75D52}") = "AccompaningProjects", "AccompaningProjects\AccompaningProjects.pyproj", "{7334A841-FFE4-4486-9A41-BC6BD50FD03D}"
EndProject
Global
	GlobalSection(SolutionConfigurationPlatforms) = preSolution
		Debug|Any CPU = Debug|Any CPU
		Release|Any CPU = Release|Any CPU
	EndGlobalSection
	GlobalSection(ProjectConfigurationPlatforms) = postSolution
		{7334A841-FFE4-4486-9A41-BC6BD50FD03D}.Debug|Any CPU.ActiveCfg = Debug|Any CPU
		{7334A841-FFE4-4486-9A41-BC6BD50FD03D}.Debug|Any CPU.Build.0 = Debug|Any CPU
		{7334A841-FFE4-4486-9A41-BC6BD50FD03D}.Release|Any CPU.ActiveCfg = Release|Any CPU
		{7334A841-FFE4-4486-9A41-BC6BD50FD03D}.Release|Any CPU.Build.0 = Release|Any CPU
	EndGlobalSection
	GlobalSection(SolutionProperties) = preSolution
		HideSolutionNode = FALSE
	EndGlobalSection
	GlobalSection(ExtensibilityGlobals) = postSolution
		SolutionGuid = {576A5382-0EE3-402D-A3EC-FD6388C73866}
	EndGlobalSection
EndGlobal
